
Microsoft Visual Studio Solution File, Format Version 12.00
# Visual Studio Version 17
VisualStudioVersion = 17.1.32328.378
MinimumVisualStudioVersion = 10.0.40219.1
Project("{9A19103F-16F7-4668-BE54-9A1E7A4F7556}") = "Т01.ReadText", "Т01.ReadText\Т01.ReadText.csproj", "{266B1505-7DA3-4400-AB91-AEF9B670EB99}"
EndProject
Project("{9A19103F-16F7-4668-BE54-9A1E7A4F7556}") = "T02.Password", "T02.Password\T02.Password.csproj", "{EF4B2B9A-B310-43F3-9698-14524681E6C6}"
EndProject
Project("{9A19103F-16F7-4668-BE54-9A1E7A4F7556}") = "T03.SumNumbers", "T03.SumNumbers\T03.SumNumbers.csproj", "{56454D72-E762-44FA-87FE-497856AC1534}"
EndProject
Project("{9A19103F-16F7-4668-BE54-9A1E7A4F7556}") = "T04.Sequence2kPlus1", "T04.Sequence2kPlus1\T04.Sequence2kPlus1.csproj", "{310CA970-9BF7-4F17-8423-FC5CEBCCF779}"
EndProject
Project("{9A19103F-16F7-4668-BE54-9A1E7A4F7556}") = "T05.AccountBalance", "T05.AccountBalance\T05.AccountBalance.csproj", "{672A9465-40A1-4ADB-8E3F-DF0F4C26A881}"
EndProject
Project("{9A19103F-16F7-4668-BE54-9A1E7A4F7556}") = "T06.MaxNumber", "T06.MaxNumber\T06.MaxNumber.csproj", "{2B9F00ED-CC14-44A9-BE5A-50AC37393C17}"
EndProject
Project("{9A19103F-16F7-4668-BE54-9A1E7A4F7556}") = "T07.MinNumber", "T07.MinNumber\T07.MinNumber.csproj", "{9FB5C5E8-3E3E-497D-8F91-A3684DB64D2B}"
EndProject
Project("{9A19103F-16F7-4668-BE54-9A1E7A4F7556}") = "T08.Graduation", "T08.Graduation\T08.Graduation.csproj", "{DA8D05CD-3278-469F-92AB-9007F6DC7498}"
EndProject
Project("{9A19103F-16F7-4668-BE54-9A1E7A4F7556}") = "T01.Copy", "T01.Copy\T01.Copy.csproj", "{3CF7BF89-009A-434A-801B-1CF2A1D7AF8A}"
EndProject
Project("{FAE04EC0-301F-11D3-BF4B-00C04F79EFBC}") = "T02.Copy", "T02.Copy\T02.Copy.csproj", "{DC6575B6-E499-4129-9192-07DCB08D59E5}"
EndProject
Project("{FAE04EC0-301F-11D3-BF4B-00C04F79EFBC}") = "T03.Copy", "T03.Copy\T03.Copy.csproj", "{286C8A62-A84C-47E9-9785-ACDD1FC40E3B}"
EndProject
Project("{FAE04EC0-301F-11D3-BF4B-00C04F79EFBC}") = "T04.Copy", "T04.Copy\T04.Copy.csproj", "{3CCBD12B-C1FF-4B46-B0C8-9D33B8236D8D}"
EndProject
Project("{FAE04EC0-301F-11D3-BF4B-00C04F79EFBC}") = "T05.Copy", "T05.Copy\T05.Copy.csproj", "{7B1C94A8-744E-48A6-A9B2-88A9BD1992F9}"
EndProject
Project("{FAE04EC0-301F-11D3-BF4B-00C04F79EFBC}") = "T06.Copy", "T06.Copy\T06.Copy.csproj", "{4AC0EDA8-9DDB-4628-9FD1-7694EA919E49}"
EndProject
Project("{FAE04EC0-301F-11D3-BF4B-00C04F79EFBC}") = "T07.Copy", "T07.Copy\T07.Copy.csproj", "{9B1F29A7-23FC-45A3-AB88-9A07B59EFD02}"
EndProject
Project("{FAE04EC0-301F-11D3-BF4B-00C04F79EFBC}") = "T08.Copy", "T08.Copy\T08.Copy.csproj", "{AA034DB4-FBD4-41AD-ABD1-2378E873815A}"
EndProject
Global
	GlobalSection(SolutionConfigurationPlatforms) = preSolution
		Debug|Any CPU = Debug|Any CPU
		Release|Any CPU = Release|Any CPU
	EndGlobalSection
	GlobalSection(ProjectConfigurationPlatforms) = postSolution
		{266B1505-7DA3-4400-AB91-AEF9B670EB99}.Debug|Any CPU.ActiveCfg = Debug|Any CPU
		{266B1505-7DA3-4400-AB91-AEF9B670EB99}.Debug|Any CPU.Build.0 = Debug|Any CPU
		{266B1505-7DA3-4400-AB91-AEF9B670EB99}.Release|Any CPU.ActiveCfg = Release|Any CPU
		{266B1505-7DA3-4400-AB91-AEF9B670EB99}.Release|Any CPU.Build.0 = Release|Any CPU
		{EF4B2B9A-B310-43F3-9698-14524681E6C6}.Debug|Any CPU.ActiveCfg = Debug|Any CPU
		{EF4B2B9A-B310-43F3-9698-14524681E6C6}.Debug|Any CPU.Build.0 = Debug|Any CPU
		{EF4B2B9A-B310-43F3-9698-14524681E6C6}.Release|Any CPU.ActiveCfg = Release|Any CPU
		{EF4B2B9A-B310-43F3-9698-14524681E6C6}.Release|Any CPU.Build.0 = Release|Any CPU
		{56454D72-E762-44FA-87FE-497856AC1534}.Debug|Any CPU.ActiveCfg = Debug|Any CPU
		{56454D72-E762-44FA-87FE-497856AC1534}.Debug|Any CPU.Build.0 = Debug|Any CPU
		{56454D72-E762-44FA-87FE-497856AC1534}.Release|Any CPU.ActiveCfg = Release|Any CPU
		{56454D72-E762-44FA-87FE-497856AC1534}.Release|Any CPU.Build.0 = Release|Any CPU
		{310CA970-9BF7-4F17-8423-FC5CEBCCF779}.Debug|Any CPU.ActiveCfg = Debug|Any CPU
		{310CA970-9BF7-4F17-8423-FC5CEBCCF779}.Debug|Any CPU.Build.0 = Debug|Any CPU
		{310CA970-9BF7-4F17-8423-FC5CEBCCF779}.Release|Any CPU.ActiveCfg = Release|Any CPU
		{310CA970-9BF7-4F17-8423-FC5CEBCCF779}.Release|Any CPU.Build.0 = Release|Any CPU
		{672A9465-40A1-4ADB-8E3F-DF0F4C26A881}.Debug|Any CPU.ActiveCfg = Debug|Any CPU
		{672A9465-40A1-4ADB-8E3F-DF0F4C26A881}.Debug|Any CPU.Build.0 = Debug|Any CPU
		{672A9465-40A1-4ADB-8E3F-DF0F4C26A881}.Release|Any CPU.ActiveCfg = Release|Any CPU
		{672A9465-40A1-4ADB-8E3F-DF0F4C26A881}.Release|Any CPU.Build.0 = Release|Any CPU
		{2B9F00ED-CC14-44A9-BE5A-50AC37393C17}.Debug|Any CPU.ActiveCfg = Debug|Any CPU
		{2B9F00ED-CC14-44A9-BE5A-50AC37393C17}.Debug|Any CPU.Build.0 = Debug|Any CPU
		{2B9F00ED-CC14-44A9-BE5A-50AC37393C17}.Release|Any CPU.ActiveCfg = Release|Any CPU
		{2B9F00ED-CC14-44A9-BE5A-50AC37393C17}.Release|Any CPU.Build.0 = Release|Any CPU
		{9FB5C5E8-3E3E-497D-8F91-A3684DB64D2B}.Debug|Any CPU.ActiveCfg = Debug|Any CPU
		{9FB5C5E8-3E3E-497D-8F91-A3684DB64D2B}.Debug|Any CPU.Build.0 = Debug|Any CPU
		{9FB5C5E8-3E3E-497D-8F91-A3684DB64D2B}.Release|Any CPU.ActiveCfg = Release|Any CPU
		{9FB5C5E8-3E3E-497D-8F91-A3684DB64D2B}.Release|Any CPU.Build.0 = Release|Any CPU
		{DA8D05CD-3278-469F-92AB-9007F6DC7498}.Debug|Any CPU.ActiveCfg = Debug|Any CPU
		{DA8D05CD-3278-469F-92AB-9007F6DC7498}.Debug|Any CPU.Build.0 = Debug|Any CPU
		{DA8D05CD-3278-469F-92AB-9007F6DC7498}.Release|Any CPU.ActiveCfg = Release|Any CPU
		{DA8D05CD-3278-469F-92AB-9007F6DC7498}.Release|Any CPU.Build.0 = Release|Any CPU
		{3CF7BF89-009A-434A-801B-1CF2A1D7AF8A}.Debug|Any CPU.ActiveCfg = Debug|Any CPU
		{3CF7BF89-009A-434A-801B-1CF2A1D7AF8A}.Debug|Any CPU.Build.0 = Debug|Any CPU
		{3CF7BF89-009A-434A-801B-1CF2A1D7AF8A}.Release|Any CPU.ActiveCfg = Release|Any CPU
		{3CF7BF89-009A-434A-801B-1CF2A1D7AF8A}.Release|Any CPU.Build.0 = Release|Any CPU
		{DC6575B6-E499-4129-9192-07DCB08D59E5}.Debug|Any CPU.ActiveCfg = Debug|Any CPU
		{DC6575B6-E499-4129-9192-07DCB08D59E5}.Debug|Any CPU.Build.0 = Debug|Any CPU
		{DC6575B6-E499-4129-9192-07DCB08D59E5}.Release|Any CPU.ActiveCfg = Release|Any CPU
		{DC6575B6-E499-4129-9192-07DCB08D59E5}.Release|Any CPU.Build.0 = Release|Any CPU
		{286C8A62-A84C-47E9-9785-ACDD1FC40E3B}.Debug|Any CPU.ActiveCfg = Debug|Any CPU
		{286C8A62-A84C-47E9-9785-ACDD1FC40E3B}.Debug|Any CPU.Build.0 = Debug|Any CPU
		{286C8A62-A84C-47E9-9785-ACDD1FC40E3B}.Release|Any CPU.ActiveCfg = Release|Any CPU
		{286C8A62-A84C-47E9-9785-ACDD1FC40E3B}.Release|Any CPU.Build.0 = Release|Any CPU
		{3CCBD12B-C1FF-4B46-B0C8-9D33B8236D8D}.Debug|Any CPU.ActiveCfg = Debug|Any CPU
		{3CCBD12B-C1FF-4B46-B0C8-9D33B8236D8D}.Debug|Any CPU.Build.0 = Debug|Any CPU
		{3CCBD12B-C1FF-4B46-B0C8-9D33B8236D8D}.Release|Any CPU.ActiveCfg = Release|Any CPU
		{3CCBD12B-C1FF-4B46-B0C8-9D33B8236D8D}.Release|Any CPU.Build.0 = Release|Any CPU
		{7B1C94A8-744E-48A6-A9B2-88A9BD1992F9}.Debug|Any CPU.ActiveCfg = Debug|Any CPU
		{7B1C94A8-744E-48A6-A9B2-88A9BD1992F9}.Debug|Any CPU.Build.0 = Debug|Any CPU
		{7B1C94A8-744E-48A6-A9B2-88A9BD1992F9}.Release|Any CPU.ActiveCfg = Release|Any CPU
		{7B1C94A8-744E-48A6-A9B2-88A9BD1992F9}.Release|Any CPU.Build.0 = Release|Any CPU
		{4AC0EDA8-9DDB-4628-9FD1-7694EA919E49}.Debug|Any CPU.ActiveCfg = Debug|Any CPU
		{4AC0EDA8-9DDB-4628-9FD1-7694EA919E49}.Debug|Any CPU.Build.0 = Debug|Any CPU
		{4AC0EDA8-9DDB-4628-9FD1-7694EA919E49}.Release|Any CPU.ActiveCfg = Release|Any CPU
		{4AC0EDA8-9DDB-4628-9FD1-7694EA919E49}.Release|Any CPU.Build.0 = Release|Any CPU
		{9B1F29A7-23FC-45A3-AB88-9A07B59EFD02}.Debug|Any CPU.ActiveCfg = Debug|Any CPU
		{9B1F29A7-23FC-45A3-AB88-9A07B59EFD02}.Debug|Any CPU.Build.0 = Debug|Any CPU
		{9B1F29A7-23FC-45A3-AB88-9A07B59EFD02}.Release|Any CPU.ActiveCfg = Release|Any CPU
		{9B1F29A7-23FC-45A3-AB88-9A07B59EFD02}.Release|Any CPU.Build.0 = Release|Any CPU
		{AA034DB4-FBD4-41AD-ABD1-2378E873815A}.Debug|Any CPU.ActiveCfg = Debug|Any CPU
		{AA034DB4-FBD4-41AD-ABD1-2378E873815A}.Debug|Any CPU.Build.0 = Debug|Any CPU
		{AA034DB4-FBD4-41AD-ABD1-2378E873815A}.Release|Any CPU.ActiveCfg = Release|Any CPU
		{AA034DB4-FBD4-41AD-ABD1-2378E873815A}.Release|Any CPU.Build.0 = Release|Any CPU
	EndGlobalSection
	GlobalSection(SolutionProperties) = preSolution
		HideSolutionNode = FALSE
	EndGlobalSection
	GlobalSection(ExtensibilityGlobals) = postSolution
		SolutionGuid = {D563E7DE-3409-44FA-8292-768128AC0EAB}
	EndGlobalSection
EndGlobal
