
Microsoft Visual Studio Solution File, Format Version 12.00
# Visual Studio Version 17
VisualStudioVersion = 17.1.32328.378
MinimumVisualStudioVersion = 10.0.40219.1
Project("{9A19103F-16F7-4668-BE54-9A1E7A4F7556}") = "T01.NumbersEndingIn_7", "T01.NumbersEndingIn_7\T01.NumbersEndingIn_7.csproj", "{6BC54E02-1415-47EC-87D4-6BB3FDA2D8F9}"
EndProject
Project("{9A19103F-16F7-4668-BE54-9A1E7A4F7556}") = "T02.HalfSumElement", "T02.HalfSumElement\T02.HalfSumElement.csproj", "{8CA07E5C-83A4-4E2E-88DE-DF75E7FBABC5}"
EndProject
Project("{9A19103F-16F7-4668-BE54-9A1E7A4F7556}") = "T03.Histogram", "T03.Histogram\T03.Histogram.csproj", "{CEB08743-BCAF-451F-9497-BE094288EF51}"
EndProject
Project("{9A19103F-16F7-4668-BE54-9A1E7A4F7556}") = "T04.CleverLily", "T04.CleverLily\T04.CleverLily.csproj", "{6A88A50D-FF8D-4328-856C-121EFCBE73B9}"
EndProject
Project("{9A19103F-16F7-4668-BE54-9A1E7A4F7556}") = "T05.Salary", "T05.Salary\T05.Salary.csproj", "{E52CAF2D-6C55-4F2A-A2C0-EFB01C1CC06F}"
EndProject
Project("{9A19103F-16F7-4668-BE54-9A1E7A4F7556}") = "T06.Oscars", "T06.Oscars\T06.Oscars.csproj", "{96683BCB-D5D0-4EEA-98CA-D6085012C674}"
EndProject
Project("{9A19103F-16F7-4668-BE54-9A1E7A4F7556}") = "T07.TrekkingMania", "T07.TrekkingMania\T07.TrekkingMania.csproj", "{3CEA4688-8EE6-49DC-98EE-B4819ADF804C}"
EndProject
Project("{9A19103F-16F7-4668-BE54-9A1E7A4F7556}") = "T08.TennisRanklist", "T08.TennisRanklist\T08.TennisRanklist.csproj", "{C7992872-9C14-4089-929F-74F9460B1703}"
EndProject
Project("{FAE04EC0-301F-11D3-BF4B-00C04F79EFBC}") = "T01.Copy", "T01.Copy\T01.Copy.csproj", "{3E33A833-4F68-4D64-BD55-7F0F980C7390}"
EndProject
Project("{FAE04EC0-301F-11D3-BF4B-00C04F79EFBC}") = "T02.Copy", "T02.Copy\T02.Copy.csproj", "{7BBCA38C-6111-41A8-BC92-A7E04AC29B03}"
EndProject
Project("{FAE04EC0-301F-11D3-BF4B-00C04F79EFBC}") = "T03.Copy", "T03.Copy\T03.Copy.csproj", "{15918FF7-8234-40AF-A949-C9A5F852CBDF}"
EndProject
Project("{FAE04EC0-301F-11D3-BF4B-00C04F79EFBC}") = "T04.Copy", "T04.Copy\T04.Copy.csproj", "{E40DF81E-8163-4742-B443-1E830ED64BD9}"
EndProject
Project("{FAE04EC0-301F-11D3-BF4B-00C04F79EFBC}") = "T05.Copy", "T05.Copy\T05.Copy.csproj", "{5538A54D-3DAD-4C1E-BCFA-0E1B2D836A64}"
EndProject
Project("{FAE04EC0-301F-11D3-BF4B-00C04F79EFBC}") = "T06.Copy", "T06.Copy\T06.Copy.csproj", "{28AAABA0-7D3A-47A8-B76B-970ECDD7414C}"
EndProject
Project("{FAE04EC0-301F-11D3-BF4B-00C04F79EFBC}") = "T07.Copy", "T07.Copy\T07.Copy.csproj", "{804CDCFE-47D7-47EB-AD97-DA638DB761EF}"
EndProject
Project("{FAE04EC0-301F-11D3-BF4B-00C04F79EFBC}") = "T08.Copy", "T08.Copy\T08.Copy.csproj", "{BA27ED6B-319B-4E35-ACC1-341F1A9A66E5}"
EndProject
Global
	GlobalSection(SolutionConfigurationPlatforms) = preSolution
		Debug|Any CPU = Debug|Any CPU
		Release|Any CPU = Release|Any CPU
	EndGlobalSection
	GlobalSection(ProjectConfigurationPlatforms) = postSolution
		{6BC54E02-1415-47EC-87D4-6BB3FDA2D8F9}.Debug|Any CPU.ActiveCfg = Debug|Any CPU
		{6BC54E02-1415-47EC-87D4-6BB3FDA2D8F9}.Debug|Any CPU.Build.0 = Debug|Any CPU
		{6BC54E02-1415-47EC-87D4-6BB3FDA2D8F9}.Release|Any CPU.ActiveCfg = Release|Any CPU
		{6BC54E02-1415-47EC-87D4-6BB3FDA2D8F9}.Release|Any CPU.Build.0 = Release|Any CPU
		{8CA07E5C-83A4-4E2E-88DE-DF75E7FBABC5}.Debug|Any CPU.ActiveCfg = Debug|Any CPU
		{8CA07E5C-83A4-4E2E-88DE-DF75E7FBABC5}.Debug|Any CPU.Build.0 = Debug|Any CPU
		{8CA07E5C-83A4-4E2E-88DE-DF75E7FBABC5}.Release|Any CPU.ActiveCfg = Release|Any CPU
		{8CA07E5C-83A4-4E2E-88DE-DF75E7FBABC5}.Release|Any CPU.Build.0 = Release|Any CPU
		{CEB08743-BCAF-451F-9497-BE094288EF51}.Debug|Any CPU.ActiveCfg = Debug|Any CPU
		{CEB08743-BCAF-451F-9497-BE094288EF51}.Debug|Any CPU.Build.0 = Debug|Any CPU
		{CEB08743-BCAF-451F-9497-BE094288EF51}.Release|Any CPU.ActiveCfg = Release|Any CPU
		{CEB08743-BCAF-451F-9497-BE094288EF51}.Release|Any CPU.Build.0 = Release|Any CPU
		{6A88A50D-FF8D-4328-856C-121EFCBE73B9}.Debug|Any CPU.ActiveCfg = Debug|Any CPU
		{6A88A50D-FF8D-4328-856C-121EFCBE73B9}.Debug|Any CPU.Build.0 = Debug|Any CPU
		{6A88A50D-FF8D-4328-856C-121EFCBE73B9}.Release|Any CPU.ActiveCfg = Release|Any CPU
		{6A88A50D-FF8D-4328-856C-121EFCBE73B9}.Release|Any CPU.Build.0 = Release|Any CPU
		{E52CAF2D-6C55-4F2A-A2C0-EFB01C1CC06F}.Debug|Any CPU.ActiveCfg = Debug|Any CPU
		{E52CAF2D-6C55-4F2A-A2C0-EFB01C1CC06F}.Debug|Any CPU.Build.0 = Debug|Any CPU
		{E52CAF2D-6C55-4F2A-A2C0-EFB01C1CC06F}.Release|Any CPU.ActiveCfg = Release|Any CPU
		{E52CAF2D-6C55-4F2A-A2C0-EFB01C1CC06F}.Release|Any CPU.Build.0 = Release|Any CPU
		{96683BCB-D5D0-4EEA-98CA-D6085012C674}.Debug|Any CPU.ActiveCfg = Debug|Any CPU
		{96683BCB-D5D0-4EEA-98CA-D6085012C674}.Debug|Any CPU.Build.0 = Debug|Any CPU
		{96683BCB-D5D0-4EEA-98CA-D6085012C674}.Release|Any CPU.ActiveCfg = Release|Any CPU
		{96683BCB-D5D0-4EEA-98CA-D6085012C674}.Release|Any CPU.Build.0 = Release|Any CPU
		{3CEA4688-8EE6-49DC-98EE-B4819ADF804C}.Debug|Any CPU.ActiveCfg = Debug|Any CPU
		{3CEA4688-8EE6-49DC-98EE-B4819ADF804C}.Debug|Any CPU.Build.0 = Debug|Any CPU
		{3CEA4688-8EE6-49DC-98EE-B4819ADF804C}.Release|Any CPU.ActiveCfg = Release|Any CPU
		{3CEA4688-8EE6-49DC-98EE-B4819ADF804C}.Release|Any CPU.Build.0 = Release|Any CPU
		{C7992872-9C14-4089-929F-74F9460B1703}.Debug|Any CPU.ActiveCfg = Debug|Any CPU
		{C7992872-9C14-4089-929F-74F9460B1703}.Debug|Any CPU.Build.0 = Debug|Any CPU
		{C7992872-9C14-4089-929F-74F9460B1703}.Release|Any CPU.ActiveCfg = Release|Any CPU
		{C7992872-9C14-4089-929F-74F9460B1703}.Release|Any CPU.Build.0 = Release|Any CPU
		{3E33A833-4F68-4D64-BD55-7F0F980C7390}.Debug|Any CPU.ActiveCfg = Debug|Any CPU
		{3E33A833-4F68-4D64-BD55-7F0F980C7390}.Debug|Any CPU.Build.0 = Debug|Any CPU
		{3E33A833-4F68-4D64-BD55-7F0F980C7390}.Release|Any CPU.ActiveCfg = Release|Any CPU
		{3E33A833-4F68-4D64-BD55-7F0F980C7390}.Release|Any CPU.Build.0 = Release|Any CPU
		{7BBCA38C-6111-41A8-BC92-A7E04AC29B03}.Debug|Any CPU.ActiveCfg = Debug|Any CPU
		{7BBCA38C-6111-41A8-BC92-A7E04AC29B03}.Debug|Any CPU.Build.0 = Debug|Any CPU
		{7BBCA38C-6111-41A8-BC92-A7E04AC29B03}.Release|Any CPU.ActiveCfg = Release|Any CPU
		{7BBCA38C-6111-41A8-BC92-A7E04AC29B03}.Release|Any CPU.Build.0 = Release|Any CPU
		{15918FF7-8234-40AF-A949-C9A5F852CBDF}.Debug|Any CPU.ActiveCfg = Debug|Any CPU
		{15918FF7-8234-40AF-A949-C9A5F852CBDF}.Debug|Any CPU.Build.0 = Debug|Any CPU
		{15918FF7-8234-40AF-A949-C9A5F852CBDF}.Release|Any CPU.ActiveCfg = Release|Any CPU
		{15918FF7-8234-40AF-A949-C9A5F852CBDF}.Release|Any CPU.Build.0 = Release|Any CPU
		{E40DF81E-8163-4742-B443-1E830ED64BD9}.Debug|Any CPU.ActiveCfg = Debug|Any CPU
		{E40DF81E-8163-4742-B443-1E830ED64BD9}.Debug|Any CPU.Build.0 = Debug|Any CPU
		{E40DF81E-8163-4742-B443-1E830ED64BD9}.Release|Any CPU.ActiveCfg = Release|Any CPU
		{E40DF81E-8163-4742-B443-1E830ED64BD9}.Release|Any CPU.Build.0 = Release|Any CPU
		{5538A54D-3DAD-4C1E-BCFA-0E1B2D836A64}.Debug|Any CPU.ActiveCfg = Debug|Any CPU
		{5538A54D-3DAD-4C1E-BCFA-0E1B2D836A64}.Debug|Any CPU.Build.0 = Debug|Any CPU
		{5538A54D-3DAD-4C1E-BCFA-0E1B2D836A64}.Release|Any CPU.ActiveCfg = Release|Any CPU
		{5538A54D-3DAD-4C1E-BCFA-0E1B2D836A64}.Release|Any CPU.Build.0 = Release|Any CPU
		{28AAABA0-7D3A-47A8-B76B-970ECDD7414C}.Debug|Any CPU.ActiveCfg = Debug|Any CPU
		{28AAABA0-7D3A-47A8-B76B-970ECDD7414C}.Debug|Any CPU.Build.0 = Debug|Any CPU
		{28AAABA0-7D3A-47A8-B76B-970ECDD7414C}.Release|Any CPU.ActiveCfg = Release|Any CPU
		{28AAABA0-7D3A-47A8-B76B-970ECDD7414C}.Release|Any CPU.Build.0 = Release|Any CPU
		{804CDCFE-47D7-47EB-AD97-DA638DB761EF}.Debug|Any CPU.ActiveCfg = Debug|Any CPU
		{804CDCFE-47D7-47EB-AD97-DA638DB761EF}.Debug|Any CPU.Build.0 = Debug|Any CPU
		{804CDCFE-47D7-47EB-AD97-DA638DB761EF}.Release|Any CPU.ActiveCfg = Release|Any CPU
		{804CDCFE-47D7-47EB-AD97-DA638DB761EF}.Release|Any CPU.Build.0 = Release|Any CPU
		{BA27ED6B-319B-4E35-ACC1-341F1A9A66E5}.Debug|Any CPU.ActiveCfg = Debug|Any CPU
		{BA27ED6B-319B-4E35-ACC1-341F1A9A66E5}.Debug|Any CPU.Build.0 = Debug|Any CPU
		{BA27ED6B-319B-4E35-ACC1-341F1A9A66E5}.Release|Any CPU.ActiveCfg = Release|Any CPU
		{BA27ED6B-319B-4E35-ACC1-341F1A9A66E5}.Release|Any CPU.Build.0 = Release|Any CPU
	EndGlobalSection
	GlobalSection(SolutionProperties) = preSolution
		HideSolutionNode = FALSE
	EndGlobalSection
	GlobalSection(ExtensibilityGlobals) = postSolution
		SolutionGuid = {8D149A52-71CC-4ABD-9169-163A33D3809F}
	EndGlobalSection
EndGlobal
