
Microsoft Visual Studio Solution File, Format Version 12.00
# Visual Studio Version 17
VisualStudioVersion = 17.1.32328.378
MinimumVisualStudioVersion = 10.0.40219.1
Project("{9A19103F-16F7-4668-BE54-9A1E7A4F7556}") = "T01.Numbersfrom1To100", "T01.Numbersfrom1To100\T01.Numbersfrom1To100.csproj", "{126E2DCF-5E52-4F8F-8565-3967848B9FEE}"
EndProject
Project("{9A19103F-16F7-4668-BE54-9A1E7A4F7556}") = "T02.NumbersN1", "T02.NumbersN1\T02.NumbersN1.csproj", "{FFBCB0B2-E525-4AF3-967F-21E901A744A0}"
EndProject
Project("{9A19103F-16F7-4668-BE54-9A1E7A4F7556}") = "T03.Numbers1_NwithStep3", "T03.Numbers1_NwithStep3\T03.Numbers1_NwithStep3.csproj", "{325BE907-9353-4F57-B22B-91C03D67B8A8}"
EndProject
Project("{9A19103F-16F7-4668-BE54-9A1E7A4F7556}") = "T04.EvenPowersOf2", "T04.EvenPowersOf2\T04.EvenPowersOf2.csproj", "{4ED66485-9853-4389-8AEA-B94C6FC2E574}"
EndProject
Project("{9A19103F-16F7-4668-BE54-9A1E7A4F7556}") = "T05.CharacterSequence", "T05.CharacterSequence\T05.CharacterSequence.csproj", "{2A3CBBD6-8CE5-4B9C-8829-BF6BDF46CA2E}"
EndProject
Project("{9A19103F-16F7-4668-BE54-9A1E7A4F7556}") = "T06.VowelsSum", "T06.VowelsSum\T06.VowelsSum.csproj", "{AD53DED4-8D03-48E8-825D-23D6AD50B1D8}"
EndProject
Project("{9A19103F-16F7-4668-BE54-9A1E7A4F7556}") = "T07.SumNumbers", "T07.SumNumbers\T07.SumNumbers.csproj", "{63C1AB24-9D18-4959-95ED-6688B220605B}"
EndProject
Project("{9A19103F-16F7-4668-BE54-9A1E7A4F7556}") = "T08.NumberSequence", "T08.NumberSequence\T08.NumberSequence.csproj", "{FA2CF9A8-F6B9-4481-B5F4-08B6280DD600}"
EndProject
Project("{9A19103F-16F7-4668-BE54-9A1E7A4F7556}") = "T09.LeftAndRightSum", "T09.LeftAndRightSum\T09.LeftAndRightSum.csproj", "{0D0BA2E2-CA20-42A5-A7F9-75F91936A94A}"
EndProject
Project("{9A19103F-16F7-4668-BE54-9A1E7A4F7556}") = "T10.OddEvenSum", "ConsoleApp1\T10.OddEvenSum.csproj", "{53348C00-C756-427E-B3F1-050AC7107EA6}"
EndProject
Project("{FAE04EC0-301F-11D3-BF4B-00C04F79EFBC}") = "T01.Copy", "T02.Copy\T01.Copy.csproj", "{30DCA6A4-CE87-4BB4-B7AB-78368CB04B91}"
EndProject
Project("{FAE04EC0-301F-11D3-BF4B-00C04F79EFBC}") = "T02.Copy", "T0.Copy\T02.Copy.csproj", "{511C95FB-3964-4508-B07E-FCE42CD44410}"
EndProject
Project("{FAE04EC0-301F-11D3-BF4B-00C04F79EFBC}") = "T03.Copy", "T03.Copy\T03.Copy.csproj", "{1D8B4B7C-0818-46D6-B197-2AE95AC93648}"
EndProject
Project("{FAE04EC0-301F-11D3-BF4B-00C04F79EFBC}") = "T04.Copy", "T04.Copy\T04.Copy.csproj", "{F0F62B17-EDCB-46E6-A64D-8863A712204D}"
EndProject
Project("{FAE04EC0-301F-11D3-BF4B-00C04F79EFBC}") = "T05.Copy", "T05.Copy\T05.Copy.csproj", "{8A1E25F9-7DB9-4BB2-A524-BA18F117CB37}"
EndProject
Project("{FAE04EC0-301F-11D3-BF4B-00C04F79EFBC}") = "T06.Copy", "T06.Copy\T06.Copy.csproj", "{A1FF0183-71DC-431E-855C-7BCC6C1155E6}"
EndProject
Project("{FAE04EC0-301F-11D3-BF4B-00C04F79EFBC}") = "Demo", "Demo\Demo.csproj", "{7293A5A1-8EF5-4FA8-8D79-372621FC1574}"
EndProject
Project("{FAE04EC0-301F-11D3-BF4B-00C04F79EFBC}") = "T07.Copy", "T07.Copy\T07.Copy.csproj", "{0F4B35A1-6170-4D95-81EE-E1FC96CE7255}"
EndProject
Project("{FAE04EC0-301F-11D3-BF4B-00C04F79EFBC}") = "T08.Copy", "T08.Copy\T08.Copy.csproj", "{18602DCF-E732-471A-B3E4-9AE109F422D4}"
EndProject
Project("{FAE04EC0-301F-11D3-BF4B-00C04F79EFBC}") = "Т09.Copy", "Т09.Copy\Т09.Copy.csproj", "{210B0331-0210-49B2-8514-B5643923AAD1}"
EndProject
Project("{FAE04EC0-301F-11D3-BF4B-00C04F79EFBC}") = "T10.Copy", "T10.Copy\T10.Copy.csproj", "{048A2FD7-20E1-4448-B166-3911F1F36DF5}"
EndProject
Global
	GlobalSection(SolutionConfigurationPlatforms) = preSolution
		Debug|Any CPU = Debug|Any CPU
		Release|Any CPU = Release|Any CPU
	EndGlobalSection
	GlobalSection(ProjectConfigurationPlatforms) = postSolution
		{126E2DCF-5E52-4F8F-8565-3967848B9FEE}.Debug|Any CPU.ActiveCfg = Debug|Any CPU
		{126E2DCF-5E52-4F8F-8565-3967848B9FEE}.Debug|Any CPU.Build.0 = Debug|Any CPU
		{126E2DCF-5E52-4F8F-8565-3967848B9FEE}.Release|Any CPU.ActiveCfg = Release|Any CPU
		{126E2DCF-5E52-4F8F-8565-3967848B9FEE}.Release|Any CPU.Build.0 = Release|Any CPU
		{FFBCB0B2-E525-4AF3-967F-21E901A744A0}.Debug|Any CPU.ActiveCfg = Debug|Any CPU
		{FFBCB0B2-E525-4AF3-967F-21E901A744A0}.Debug|Any CPU.Build.0 = Debug|Any CPU
		{FFBCB0B2-E525-4AF3-967F-21E901A744A0}.Release|Any CPU.ActiveCfg = Release|Any CPU
		{FFBCB0B2-E525-4AF3-967F-21E901A744A0}.Release|Any CPU.Build.0 = Release|Any CPU
		{325BE907-9353-4F57-B22B-91C03D67B8A8}.Debug|Any CPU.ActiveCfg = Debug|Any CPU
		{325BE907-9353-4F57-B22B-91C03D67B8A8}.Debug|Any CPU.Build.0 = Debug|Any CPU
		{325BE907-9353-4F57-B22B-91C03D67B8A8}.Release|Any CPU.ActiveCfg = Release|Any CPU
		{325BE907-9353-4F57-B22B-91C03D67B8A8}.Release|Any CPU.Build.0 = Release|Any CPU
		{4ED66485-9853-4389-8AEA-B94C6FC2E574}.Debug|Any CPU.ActiveCfg = Debug|Any CPU
		{4ED66485-9853-4389-8AEA-B94C6FC2E574}.Debug|Any CPU.Build.0 = Debug|Any CPU
		{4ED66485-9853-4389-8AEA-B94C6FC2E574}.Release|Any CPU.ActiveCfg = Release|Any CPU
		{4ED66485-9853-4389-8AEA-B94C6FC2E574}.Release|Any CPU.Build.0 = Release|Any CPU
		{2A3CBBD6-8CE5-4B9C-8829-BF6BDF46CA2E}.Debug|Any CPU.ActiveCfg = Debug|Any CPU
		{2A3CBBD6-8CE5-4B9C-8829-BF6BDF46CA2E}.Debug|Any CPU.Build.0 = Debug|Any CPU
		{2A3CBBD6-8CE5-4B9C-8829-BF6BDF46CA2E}.Release|Any CPU.ActiveCfg = Release|Any CPU
		{2A3CBBD6-8CE5-4B9C-8829-BF6BDF46CA2E}.Release|Any CPU.Build.0 = Release|Any CPU
		{AD53DED4-8D03-48E8-825D-23D6AD50B1D8}.Debug|Any CPU.ActiveCfg = Debug|Any CPU
		{AD53DED4-8D03-48E8-825D-23D6AD50B1D8}.Debug|Any CPU.Build.0 = Debug|Any CPU
		{AD53DED4-8D03-48E8-825D-23D6AD50B1D8}.Release|Any CPU.ActiveCfg = Release|Any CPU
		{AD53DED4-8D03-48E8-825D-23D6AD50B1D8}.Release|Any CPU.Build.0 = Release|Any CPU
		{63C1AB24-9D18-4959-95ED-6688B220605B}.Debug|Any CPU.ActiveCfg = Debug|Any CPU
		{63C1AB24-9D18-4959-95ED-6688B220605B}.Debug|Any CPU.Build.0 = Debug|Any CPU
		{63C1AB24-9D18-4959-95ED-6688B220605B}.Release|Any CPU.ActiveCfg = Release|Any CPU
		{63C1AB24-9D18-4959-95ED-6688B220605B}.Release|Any CPU.Build.0 = Release|Any CPU
		{FA2CF9A8-F6B9-4481-B5F4-08B6280DD600}.Debug|Any CPU.ActiveCfg = Debug|Any CPU
		{FA2CF9A8-F6B9-4481-B5F4-08B6280DD600}.Debug|Any CPU.Build.0 = Debug|Any CPU
		{FA2CF9A8-F6B9-4481-B5F4-08B6280DD600}.Release|Any CPU.ActiveCfg = Release|Any CPU
		{FA2CF9A8-F6B9-4481-B5F4-08B6280DD600}.Release|Any CPU.Build.0 = Release|Any CPU
		{0D0BA2E2-CA20-42A5-A7F9-75F91936A94A}.Debug|Any CPU.ActiveCfg = Debug|Any CPU
		{0D0BA2E2-CA20-42A5-A7F9-75F91936A94A}.Debug|Any CPU.Build.0 = Debug|Any CPU
		{0D0BA2E2-CA20-42A5-A7F9-75F91936A94A}.Release|Any CPU.ActiveCfg = Release|Any CPU
		{0D0BA2E2-CA20-42A5-A7F9-75F91936A94A}.Release|Any CPU.Build.0 = Release|Any CPU
		{53348C00-C756-427E-B3F1-050AC7107EA6}.Debug|Any CPU.ActiveCfg = Debug|Any CPU
		{53348C00-C756-427E-B3F1-050AC7107EA6}.Debug|Any CPU.Build.0 = Debug|Any CPU
		{53348C00-C756-427E-B3F1-050AC7107EA6}.Release|Any CPU.ActiveCfg = Release|Any CPU
		{53348C00-C756-427E-B3F1-050AC7107EA6}.Release|Any CPU.Build.0 = Release|Any CPU
		{30DCA6A4-CE87-4BB4-B7AB-78368CB04B91}.Debug|Any CPU.ActiveCfg = Debug|Any CPU
		{30DCA6A4-CE87-4BB4-B7AB-78368CB04B91}.Debug|Any CPU.Build.0 = Debug|Any CPU
		{30DCA6A4-CE87-4BB4-B7AB-78368CB04B91}.Release|Any CPU.ActiveCfg = Release|Any CPU
		{30DCA6A4-CE87-4BB4-B7AB-78368CB04B91}.Release|Any CPU.Build.0 = Release|Any CPU
		{511C95FB-3964-4508-B07E-FCE42CD44410}.Debug|Any CPU.ActiveCfg = Debug|Any CPU
		{511C95FB-3964-4508-B07E-FCE42CD44410}.Debug|Any CPU.Build.0 = Debug|Any CPU
		{511C95FB-3964-4508-B07E-FCE42CD44410}.Release|Any CPU.ActiveCfg = Release|Any CPU
		{511C95FB-3964-4508-B07E-FCE42CD44410}.Release|Any CPU.Build.0 = Release|Any CPU
		{1D8B4B7C-0818-46D6-B197-2AE95AC93648}.Debug|Any CPU.ActiveCfg = Debug|Any CPU
		{1D8B4B7C-0818-46D6-B197-2AE95AC93648}.Debug|Any CPU.Build.0 = Debug|Any CPU
		{1D8B4B7C-0818-46D6-B197-2AE95AC93648}.Release|Any CPU.ActiveCfg = Release|Any CPU
		{1D8B4B7C-0818-46D6-B197-2AE95AC93648}.Release|Any CPU.Build.0 = Release|Any CPU
		{F0F62B17-EDCB-46E6-A64D-8863A712204D}.Debug|Any CPU.ActiveCfg = Debug|Any CPU
		{F0F62B17-EDCB-46E6-A64D-8863A712204D}.Debug|Any CPU.Build.0 = Debug|Any CPU
		{F0F62B17-EDCB-46E6-A64D-8863A712204D}.Release|Any CPU.ActiveCfg = Release|Any CPU
		{F0F62B17-EDCB-46E6-A64D-8863A712204D}.Release|Any CPU.Build.0 = Release|Any CPU
		{8A1E25F9-7DB9-4BB2-A524-BA18F117CB37}.Debug|Any CPU.ActiveCfg = Debug|Any CPU
		{8A1E25F9-7DB9-4BB2-A524-BA18F117CB37}.Debug|Any CPU.Build.0 = Debug|Any CPU
		{8A1E25F9-7DB9-4BB2-A524-BA18F117CB37}.Release|Any CPU.ActiveCfg = Release|Any CPU
		{8A1E25F9-7DB9-4BB2-A524-BA18F117CB37}.Release|Any CPU.Build.0 = Release|Any CPU
		{A1FF0183-71DC-431E-855C-7BCC6C1155E6}.Debug|Any CPU.ActiveCfg = Debug|Any CPU
		{A1FF0183-71DC-431E-855C-7BCC6C1155E6}.Debug|Any CPU.Build.0 = Debug|Any CPU
		{A1FF0183-71DC-431E-855C-7BCC6C1155E6}.Release|Any CPU.ActiveCfg = Release|Any CPU
		{A1FF0183-71DC-431E-855C-7BCC6C1155E6}.Release|Any CPU.Build.0 = Release|Any CPU
		{7293A5A1-8EF5-4FA8-8D79-372621FC1574}.Debug|Any CPU.ActiveCfg = Debug|Any CPU
		{7293A5A1-8EF5-4FA8-8D79-372621FC1574}.Debug|Any CPU.Build.0 = Debug|Any CPU
		{7293A5A1-8EF5-4FA8-8D79-372621FC1574}.Release|Any CPU.ActiveCfg = Release|Any CPU
		{7293A5A1-8EF5-4FA8-8D79-372621FC1574}.Release|Any CPU.Build.0 = Release|Any CPU
		{0F4B35A1-6170-4D95-81EE-E1FC96CE7255}.Debug|Any CPU.ActiveCfg = Debug|Any CPU
		{0F4B35A1-6170-4D95-81EE-E1FC96CE7255}.Debug|Any CPU.Build.0 = Debug|Any CPU
		{0F4B35A1-6170-4D95-81EE-E1FC96CE7255}.Release|Any CPU.ActiveCfg = Release|Any CPU
		{0F4B35A1-6170-4D95-81EE-E1FC96CE7255}.Release|Any CPU.Build.0 = Release|Any CPU
		{18602DCF-E732-471A-B3E4-9AE109F422D4}.Debug|Any CPU.ActiveCfg = Debug|Any CPU
		{18602DCF-E732-471A-B3E4-9AE109F422D4}.Debug|Any CPU.Build.0 = Debug|Any CPU
		{18602DCF-E732-471A-B3E4-9AE109F422D4}.Release|Any CPU.ActiveCfg = Release|Any CPU
		{18602DCF-E732-471A-B3E4-9AE109F422D4}.Release|Any CPU.Build.0 = Release|Any CPU
		{210B0331-0210-49B2-8514-B5643923AAD1}.Debug|Any CPU.ActiveCfg = Debug|Any CPU
		{210B0331-0210-49B2-8514-B5643923AAD1}.Debug|Any CPU.Build.0 = Debug|Any CPU
		{210B0331-0210-49B2-8514-B5643923AAD1}.Release|Any CPU.ActiveCfg = Release|Any CPU
		{210B0331-0210-49B2-8514-B5643923AAD1}.Release|Any CPU.Build.0 = Release|Any CPU
		{048A2FD7-20E1-4448-B166-3911F1F36DF5}.Debug|Any CPU.ActiveCfg = Debug|Any CPU
		{048A2FD7-20E1-4448-B166-3911F1F36DF5}.Debug|Any CPU.Build.0 = Debug|Any CPU
		{048A2FD7-20E1-4448-B166-3911F1F36DF5}.Release|Any CPU.ActiveCfg = Release|Any CPU
		{048A2FD7-20E1-4448-B166-3911F1F36DF5}.Release|Any CPU.Build.0 = Release|Any CPU
	EndGlobalSection
	GlobalSection(SolutionProperties) = preSolution
		HideSolutionNode = FALSE
	EndGlobalSection
	GlobalSection(ExtensibilityGlobals) = postSolution
		SolutionGuid = {FACDFF66-B6C4-4B80-8B27-BB54646AF99F}
	EndGlobalSection
EndGlobal
